
Microsoft Visual Studio Solution File, Format Version 12.00
# Visual Studio 2012
Project("{FAE04EC0-301F-11D3-BF4B-00C04F79EFBC}") = "BLL", "BLL\BLL.csproj", "{5D91F5C7-1EFC-4718-B26E-D6A1F7EE5C52}"
EndProject
Project("{FAE04EC0-301F-11D3-BF4B-00C04F79EFBC}") = "VIEWS", "VIEWS\VIEWS.csproj", "{718E6643-666F-43CD-B389-FA2F94E52B7B}"
EndProject
Project("{FAE04EC0-301F-11D3-BF4B-00C04F79EFBC}") = "DALC", "DALC\DALC.csproj", "{A5D21BA5-3765-4E03-A8AE-E9C37A154624}"
EndProject
Global
	GlobalSection(SolutionConfigurationPlatforms) = preSolution
		Debug|Any CPU = Debug|Any CPU
		Release|Any CPU = Release|Any CPU
	EndGlobalSection
	GlobalSection(ProjectConfigurationPlatforms) = postSolution
		{5D91F5C7-1EFC-4718-B26E-D6A1F7EE5C52}.Debug|Any CPU.ActiveCfg = Debug|Any CPU
		{5D91F5C7-1EFC-4718-B26E-D6A1F7EE5C52}.Debug|Any CPU.Build.0 = Debug|Any CPU
		{5D91F5C7-1EFC-4718-B26E-D6A1F7EE5C52}.Release|Any CPU.ActiveCfg = Release|Any CPU
		{5D91F5C7-1EFC-4718-B26E-D6A1F7EE5C52}.Release|Any CPU.Build.0 = Release|Any CPU
		{718E6643-666F-43CD-B389-FA2F94E52B7B}.Debug|Any CPU.ActiveCfg = Debug|Any CPU
		{718E6643-666F-43CD-B389-FA2F94E52B7B}.Debug|Any CPU.Build.0 = Debug|Any CPU
		{718E6643-666F-43CD-B389-FA2F94E52B7B}.Release|Any CPU.ActiveCfg = Release|Any CPU
		{718E6643-666F-43CD-B389-FA2F94E52B7B}.Release|Any CPU.Build.0 = Release|Any CPU
		{A5D21BA5-3765-4E03-A8AE-E9C37A154624}.Debug|Any CPU.ActiveCfg = Debug|Any CPU
		{A5D21BA5-3765-4E03-A8AE-E9C37A154624}.Debug|Any CPU.Build.0 = Debug|Any CPU
		{A5D21BA5-3765-4E03-A8AE-E9C37A154624}.Release|Any CPU.ActiveCfg = Release|Any CPU
		{A5D21BA5-3765-4E03-A8AE-E9C37A154624}.Release|Any CPU.Build.0 = Release|Any CPU
	EndGlobalSection
	GlobalSection(SolutionProperties) = preSolution
		HideSolutionNode = FALSE
	EndGlobalSection
EndGlobal
